
Microsoft Visual Studio Solution File, Format Version 12.00
# Visual Studio 15
VisualStudioVersion = 15.0.26730.16
MinimumVisualStudioVersion = 10.0.40219.1
Project("{FAE04EC0-301F-11D3-BF4B-00C04F79EFBC}") = "BoardGameClub", "BoardGameClub\BoardGameClub.csproj", "{32A26B1D-696F-4CF2-8771-79C0624101C3}"
EndProject
Project("{FAE04EC0-301F-11D3-BF4B-00C04F79EFBC}") = "BoardGameClub.Tests", "BoardGameClub.Tests\BoardGameClub.Tests.csproj", "{88F68E16-4950-47E0-B2BA-11A45AAC75F0}"
EndProject
Project("{FAE04EC0-301F-11D3-BF4B-00C04F79EFBC}") = "BoardGameClubEntities", "BoardGameClubEntities\BoardGameClubEntities.csproj", "{E1DB7C4E-0FF1-4528-ADE4-8D1829950F1D}"
EndProject
Global
	GlobalSection(SolutionConfigurationPlatforms) = preSolution
		Debug|Any CPU = Debug|Any CPU
		Release|Any CPU = Release|Any CPU
	EndGlobalSection
	GlobalSection(ProjectConfigurationPlatforms) = postSolution
		{32A26B1D-696F-4CF2-8771-79C0624101C3}.Debug|Any CPU.ActiveCfg = Debug|Any CPU
		{32A26B1D-696F-4CF2-8771-79C0624101C3}.Debug|Any CPU.Build.0 = Debug|Any CPU
		{32A26B1D-696F-4CF2-8771-79C0624101C3}.Release|Any CPU.ActiveCfg = Release|Any CPU
		{32A26B1D-696F-4CF2-8771-79C0624101C3}.Release|Any CPU.Build.0 = Release|Any CPU
		{88F68E16-4950-47E0-B2BA-11A45AAC75F0}.Debug|Any CPU.ActiveCfg = Debug|Any CPU
		{88F68E16-4950-47E0-B2BA-11A45AAC75F0}.Debug|Any CPU.Build.0 = Debug|Any CPU
		{88F68E16-4950-47E0-B2BA-11A45AAC75F0}.Release|Any CPU.ActiveCfg = Release|Any CPU
		{88F68E16-4950-47E0-B2BA-11A45AAC75F0}.Release|Any CPU.Build.0 = Release|Any CPU
		{E1DB7C4E-0FF1-4528-ADE4-8D1829950F1D}.Debug|Any CPU.ActiveCfg = Debug|Any CPU
		{E1DB7C4E-0FF1-4528-ADE4-8D1829950F1D}.Debug|Any CPU.Build.0 = Debug|Any CPU
		{E1DB7C4E-0FF1-4528-ADE4-8D1829950F1D}.Release|Any CPU.ActiveCfg = Release|Any CPU
		{E1DB7C4E-0FF1-4528-ADE4-8D1829950F1D}.Release|Any CPU.Build.0 = Release|Any CPU
	EndGlobalSection
	GlobalSection(SolutionProperties) = preSolution
		HideSolutionNode = FALSE
	EndGlobalSection
	GlobalSection(ExtensibilityGlobals) = postSolution
		SolutionGuid = {3701399F-9FE8-41F2-9B93-17B44BD5AE29}
	EndGlobalSection
EndGlobal
